
Microsoft Visual Studio Solution File, Format Version 12.00
# Visual Studio Version 17
VisualStudioVersion = 17.3.32901.215
MinimumVisualStudioVersion = 10.0.40219.1
Project("{FAE04EC0-301F-11D3-BF4B-00C04F79EFBC}") = "BlazorAppTraining", "BlazorAppTraining\BlazorAppTraining.csproj", "{3C27E046-947D-4F58-9BCA-B5940F0D5415}"
EndProject
Global
	GlobalSection(SolutionConfigurationPlatforms) = preSolution
		Debug|Any CPU = Debug|Any CPU
		Release|Any CPU = Release|Any CPU
	EndGlobalSection
	GlobalSection(ProjectConfigurationPlatforms) = postSolution
		{3C27E046-947D-4F58-9BCA-B5940F0D5415}.Debug|Any CPU.ActiveCfg = Debug|Any CPU
		{3C27E046-947D-4F58-9BCA-B5940F0D5415}.Debug|Any CPU.Build.0 = Debug|Any CPU
		{3C27E046-947D-4F58-9BCA-B5940F0D5415}.Release|Any CPU.ActiveCfg = Release|Any CPU
		{3C27E046-947D-4F58-9BCA-B5940F0D5415}.Release|Any CPU.Build.0 = Release|Any CPU
	EndGlobalSection
	GlobalSection(SolutionProperties) = preSolution
		HideSolutionNode = FALSE
	EndGlobalSection
	GlobalSection(ExtensibilityGlobals) = postSolution
		SolutionGuid = {9D08FB53-3760-4FAF-AC87-1231CFFADD1E}
	EndGlobalSection
EndGlobal
